
Microsoft Visual Studio Solution File, Format Version 12.00
# Visual Studio 15
VisualStudioVersion = 15.0.26430.15
MinimumVisualStudioVersion = 10.0.40219.1
Project("{FAE04EC0-301F-11D3-BF4B-00C04F79EFBC}") = "Ice Ice Baby", "Ice Ice Baby\Ice Ice Baby.csproj", "{92AE57CF-CBD9-4D71-AB75-2DF2D71674C5}"
EndProject
Global
	GlobalSection(SolutionConfigurationPlatforms) = preSolution
		Debug|Any CPU = Debug|Any CPU
		Release|Any CPU = Release|Any CPU
	EndGlobalSection
	GlobalSection(ProjectConfigurationPlatforms) = postSolution
		{92AE57CF-CBD9-4D71-AB75-2DF2D71674C5}.Debug|Any CPU.ActiveCfg = Debug|Any CPU
		{92AE57CF-CBD9-4D71-AB75-2DF2D71674C5}.Debug|Any CPU.Build.0 = Debug|Any CPU
		{92AE57CF-CBD9-4D71-AB75-2DF2D71674C5}.Release|Any CPU.ActiveCfg = Release|Any CPU
		{92AE57CF-CBD9-4D71-AB75-2DF2D71674C5}.Release|Any CPU.Build.0 = Release|Any CPU
	EndGlobalSection
	GlobalSection(SolutionProperties) = preSolution
		HideSolutionNode = FALSE
	EndGlobalSection
EndGlobal
